// !$*UTF8*$!
{
	archiveVersion = 1;
	classes = {
	};
	objectVersion = 56;
	objects = {

/* Begin PBXBuildFile section */
		E02E25112933A0A500973AB3 /* AppDelegate.swift in Sources */ = {isa = PBXBuildFile; fileRef = E02E25102933A0A500973AB3 /* AppDelegate.swift */; };
		E02E25132933A0A500973AB3 /* SceneDelegate.swift in Sources */ = {isa = PBXBuildFile; fileRef = E02E25122933A0A500973AB3 /* SceneDelegate.swift */; };
		E02E25152933A0A500973AB3 /* LoginViewController.swift in Sources */ = {isa = PBXBuildFile; fileRef = E02E25142933A0A500973AB3 /* LoginViewController.swift */; };
		E02E25182933A0A500973AB3 /* Main.storyboard in Resources */ = {isa = PBXBuildFile; fileRef = E02E25162933A0A500973AB3 /* Main.storyboard */; };
		E02E251A2933A0A600973AB3 /* Assets.xcassets in Resources */ = {isa = PBXBuildFile; fileRef = E02E25192933A0A600973AB3 /* Assets.xcassets */; };
		E02E251D2933A0A600973AB3 /* LaunchScreen.storyboard in Resources */ = {isa = PBXBuildFile; fileRef = E02E251B2933A0A600973AB3 /* LaunchScreen.storyboard */; };
		E02E25282933A0A700973AB3 /* LoginAppTests.swift in Sources */ = {isa = PBXBuildFile; fileRef = E02E25272933A0A700973AB3 /* LoginAppTests.swift */; };
		E02E25322933A0A700973AB3 /* LoginAppUITests.swift in Sources */ = {isa = PBXBuildFile; fileRef = E02E25312933A0A700973AB3 /* LoginAppUITests.swift */; };
		E02E25342933A0A700973AB3 /* LoginAppUITestsLaunchTests.swift in Sources */ = {isa = PBXBuildFile; fileRef = E02E25332933A0A700973AB3 /* LoginAppUITestsLaunchTests.swift */; };
		E0A27C9B2933A3AD00E2B7A7 /* HomeViewController.swift in Sources */ = {isa = PBXBuildFile; fileRef = E0A27C9A2933A3AD00E2B7A7 /* HomeViewController.swift */; };
		E0A27CA02933A7DA00E2B7A7 /* UserModel.swift in Sources */ = {isa = PBXBuildFile; fileRef = E0A27C9F2933A7DA00E2B7A7 /* UserModel.swift */; };
		E0A27CA32933A80800E2B7A7 /* Networking.swift in Sources */ = {isa = PBXBuildFile; fileRef = E0A27CA22933A80800E2B7A7 /* Networking.swift */; };
		E0A27CA52933A81000E2B7A7 /* Domain.swift in Sources */ = {isa = PBXBuildFile; fileRef = E0A27CA42933A81000E2B7A7 /* Domain.swift */; };
		E0A27CA72933AB0D00E2B7A7 /* LoginViewModel.swift in Sources */ = {isa = PBXBuildFile; fileRef = E0A27CA62933AB0D00E2B7A7 /* LoginViewModel.swift */; };
/* End PBXBuildFile section */

/* Begin PBXContainerItemProxy section */
		E02E25242933A0A700973AB3 /* PBXContainerItemProxy */ = {
			isa = PBXContainerItemProxy;
			containerPortal = E02E25052933A0A500973AB3 /* Project object */;
			proxyType = 1;
			remoteGlobalIDString = E02E250C2933A0A500973AB3;
			remoteInfo = LoginApp;
		};
		E02E252E2933A0A700973AB3 /* PBXContainerItemProxy */ = {
			isa = PBXContainerItemProxy;
			containerPortal = E02E25052933A0A500973AB3 /* Project object */;
			proxyType = 1;
			remoteGlobalIDString = E02E250C2933A0A500973AB3;
			remoteInfo = LoginApp;
		};
/* End PBXContainerItemProxy section */

/* Begin PBXFileReference section */
		E02E250D2933A0A500973AB3 /* LoginApp.app */ = {isa = PBXFileReference; explicitFileType = wrapper.application; includeInIndex = 0; path = LoginApp.app; sourceTree = BUILT_PRODUCTS_DIR; };
		E02E25102933A0A500973AB3 /* AppDelegate.swift */ = {isa = PBXFileReference; lastKnownFileType = sourcecode.swift; path = AppDelegate.swift; sourceTree = "<group>"; };
		E02E25122933A0A500973AB3 /* SceneDelegate.swift */ = {isa = PBXFileReference; lastKnownFileType = sourcecode.swift; path = SceneDelegate.swift; sourceTree = "<group>"; };
		E02E25142933A0A500973AB3 /* LoginViewController.swift */ = {isa = PBXFileReference; lastKnownFileType = sourcecode.swift; path = LoginViewController.swift; sourceTree = "<group>"; };
		E02E25172933A0A500973AB3 /* Base */ = {isa = PBXFileReference; lastKnownFileType = file.storyboard; name = Base; path = Base.lproj/Main.storyboard; sourceTree = "<group>"; };
		E02E25192933A0A600973AB3 /* Assets.xcassets */ = {isa = PBXFileReference; lastKnownFileType = folder.assetcatalog; path = Assets.xcassets; sourceTree = "<group>"; };
		E02E251C2933A0A600973AB3 /* Base */ = {isa = PBXFileReference; lastKnownFileType = file.storyboard; name = Base; path = Base.lproj/LaunchScreen.storyboard; sourceTree = "<group>"; };
		E02E251E2933A0A600973AB3 /* Info.plist */ = {isa = PBXFileReference; lastKnownFileType = text.plist.xml; path = Info.plist; sourceTree = "<group>"; };
		E02E25232933A0A700973AB3 /* LoginAppTests.xctest */ = {isa = PBXFileReference; explicitFileType = wrapper.cfbundle; includeInIndex = 0; path = LoginAppTests.xctest; sourceTree = BUILT_PRODUCTS_DIR; };
		E02E25272933A0A700973AB3 /* LoginAppTests.swift */ = {isa = PBXFileReference; lastKnownFileType = sourcecode.swift; path = LoginAppTests.swift; sourceTree = "<group>"; };
		E02E252D2933A0A700973AB3 /* LoginAppUITests.xctest */ = {isa = PBXFileReference; explicitFileType = wrapper.cfbundle; includeInIndex = 0; path = LoginAppUITests.xctest; sourceTree = BUILT_PRODUCTS_DIR; };
		E02E25312933A0A700973AB3 /* LoginAppUITests.swift */ = {isa = PBXFileReference; lastKnownFileType = sourcecode.swift; path = LoginAppUITests.swift; sourceTree = "<group>"; };
		E02E25332933A0A700973AB3 /* LoginAppUITestsLaunchTests.swift */ = {isa = PBXFileReference; lastKnownFileType = sourcecode.swift; path = LoginAppUITestsLaunchTests.swift; sourceTree = "<group>"; };
		E0A27C9A2933A3AD00E2B7A7 /* HomeViewController.swift */ = {isa = PBXFileReference; lastKnownFileType = sourcecode.swift; path = HomeViewController.swift; sourceTree = "<group>"; };
		E0A27C9F2933A7DA00E2B7A7 /* UserModel.swift */ = {isa = PBXFileReference; lastKnownFileType = sourcecode.swift; path = UserModel.swift; sourceTree = "<group>"; };
		E0A27CA22933A80800E2B7A7 /* Networking.swift */ = {isa = PBXFileReference; lastKnownFileType = sourcecode.swift; path = Networking.swift; sourceTree = "<group>"; };
		E0A27CA42933A81000E2B7A7 /* Domain.swift */ = {isa = PBXFileReference; lastKnownFileType = sourcecode.swift; path = Domain.swift; sourceTree = "<group>"; };
		E0A27CA62933AB0D00E2B7A7 /* LoginViewModel.swift */ = {isa = PBXFileReference; lastKnownFileType = sourcecode.swift; path = LoginViewModel.swift; sourceTree = "<group>"; };
/* End PBXFileReference section */

/* Begin PBXFrameworksBuildPhase section */
		E02E250A2933A0A500973AB3 /* Frameworks */ = {
			isa = PBXFrameworksBuildPhase;
			buildActionMask = 2147483647;
			files = (
			);
			runOnlyForDeploymentPostprocessing = 0;
		};
		E02E25202933A0A700973AB3 /* Frameworks */ = {
			isa = PBXFrameworksBuildPhase;
			buildActionMask = 2147483647;
			files = (
			);
			runOnlyForDeploymentPostprocessing = 0;
		};
		E02E252A2933A0A700973AB3 /* Frameworks */ = {
			isa = PBXFrameworksBuildPhase;
			buildActionMask = 2147483647;
			files = (
			);
			runOnlyForDeploymentPostprocessing = 0;
		};
/* End PBXFrameworksBuildPhase section */

/* Begin PBXGroup section */
		E02E25042933A0A500973AB3 = {
			isa = PBXGroup;
			children = (
				E02E250F2933A0A500973AB3 /* LoginApp */,
				E02E25262933A0A700973AB3 /* LoginAppTests */,
				E02E25302933A0A700973AB3 /* LoginAppUITests */,
				E02E250E2933A0A500973AB3 /* Products */,
			);
			sourceTree = "<group>";
		};
		E02E250E2933A0A500973AB3 /* Products */ = {
			isa = PBXGroup;
			children = (
				E02E250D2933A0A500973AB3 /* LoginApp.app */,
				E02E25232933A0A700973AB3 /* LoginAppTests.xctest */,
				E02E252D2933A0A700973AB3 /* LoginAppUITests.xctest */,
			);
			name = Products;
			sourceTree = "<group>";
		};
		E02E250F2933A0A500973AB3 /* LoginApp */ = {
			isa = PBXGroup;
			children = (
				E02E25102933A0A500973AB3 /* AppDelegate.swift */,
				E02E25122933A0A500973AB3 /* SceneDelegate.swift */,
				E0A27CA12933A7FA00E2B7A7 /* Resources */,
				E0A27C9E2933A7CE00E2B7A7 /* Model */,
				E0A27C9D2933A7C700E2B7A7 /* ViewModel */,
				E0A27C9C2933A7BC00E2B7A7 /* View */,
				E02E25192933A0A600973AB3 /* Assets.xcassets */,
				E02E251B2933A0A600973AB3 /* LaunchScreen.storyboard */,
				E02E251E2933A0A600973AB3 /* Info.plist */,
			);
			path = LoginApp;
			sourceTree = "<group>";
		};
		E02E25262933A0A700973AB3 /* LoginAppTests */ = {
			isa = PBXGroup;
			children = (
				E02E25272933A0A700973AB3 /* LoginAppTests.swift */,
			);
			path = LoginAppTests;
			sourceTree = "<group>";
		};
		E02E25302933A0A700973AB3 /* LoginAppUITests */ = {
			isa = PBXGroup;
			children = (
				E02E25312933A0A700973AB3 /* LoginAppUITests.swift */,
				E02E25332933A0A700973AB3 /* LoginAppUITestsLaunchTests.swift */,
			);
			path = LoginAppUITests;
			sourceTree = "<group>";
		};
		E0A27C9C2933A7BC00E2B7A7 /* View */ = {
			isa = PBXGroup;
			children = (
				E02E25162933A0A500973AB3 /* Main.storyboard */,
				E02E25142933A0A500973AB3 /* LoginViewController.swift */,
				E0A27C9A2933A3AD00E2B7A7 /* HomeViewController.swift */,
			);
			path = View;
			sourceTree = "<group>";
		};
		E0A27C9D2933A7C700E2B7A7 /* ViewModel */ = {
			isa = PBXGroup;
			children = (
				E0A27CA62933AB0D00E2B7A7 /* LoginViewModel.swift */,
			);
			path = ViewModel;
			sourceTree = "<group>";
		};
		E0A27C9E2933A7CE00E2B7A7 /* Model */ = {
			isa = PBXGroup;
			children = (
				E0A27C9F2933A7DA00E2B7A7 /* UserModel.swift */,
			);
			path = Model;
			sourceTree = "<group>";
		};
		E0A27CA12933A7FA00E2B7A7 /* Resources */ = {
			isa = PBXGroup;
			children = (
				E0A27CA22933A80800E2B7A7 /* Networking.swift */,
				E0A27CA42933A81000E2B7A7 /* Domain.swift */,
			);
			path = Resources;
			sourceTree = "<group>";
		};
/* End PBXGroup section */

/* Begin PBXNativeTarget section */
		E02E250C2933A0A500973AB3 /* LoginApp */ = {
			isa = PBXNativeTarget;
			buildConfigurationList = E02E25372933A0A700973AB3 /* Build configuration list for PBXNativeTarget "LoginApp" */;
			buildPhases = (
				E02E25092933A0A500973AB3 /* Sources */,
				E02E250A2933A0A500973AB3 /* Frameworks */,
				E02E250B2933A0A500973AB3 /* Resources */,
			);
			buildRules = (
			);
			dependencies = (
			);
			name = LoginApp;
			productName = LoginApp;
			productReference = E02E250D2933A0A500973AB3 /* LoginApp.app */;
			productType = "com.apple.product-type.application";
		};
		E02E25222933A0A700973AB3 /* LoginAppTests */ = {
			isa = PBXNativeTarget;
			buildConfigurationList = E02E253A2933A0A700973AB3 /* Build configuration list for PBXNativeTarget "LoginAppTests" */;
			buildPhases = (
				E02E251F2933A0A700973AB3 /* Sources */,
				E02E25202933A0A700973AB3 /* Frameworks */,
				E02E25212933A0A700973AB3 /* Resources */,
			);
			buildRules = (
			);
			dependencies = (
				E02E25252933A0A700973AB3 /* PBXTargetDependency */,
			);
			name = LoginAppTests;
			productName = LoginAppTests;
			productReference = E02E25232933A0A700973AB3 /* LoginAppTests.xctest */;
			productType = "com.apple.product-type.bundle.unit-test";
		};
		E02E252C2933A0A700973AB3 /* LoginAppUITests */ = {
			isa = PBXNativeTarget;
			buildConfigurationList = E02E253D2933A0A700973AB3 /* Build configuration list for PBXNativeTarget "LoginAppUITests" */;
			buildPhases = (
				E02E25292933A0A700973AB3 /* Sources */,
				E02E252A2933A0A700973AB3 /* Frameworks */,
				E02E252B2933A0A700973AB3 /* Resources */,
			);
			buildRules = (
			);
			dependencies = (
				E02E252F2933A0A700973AB3 /* PBXTargetDependency */,
			);
			name = LoginAppUITests;
			productName = LoginAppUITests;
			productReference = E02E252D2933A0A700973AB3 /* LoginAppUITests.xctest */;
			productType = "com.apple.product-type.bundle.ui-testing";
		};
/* End PBXNativeTarget section */

/* Begin PBXProject section */
		E02E25052933A0A500973AB3 /* Project object */ = {
			isa = PBXProject;
			attributes = {
				BuildIndependentTargetsInParallel = 1;
				LastSwiftUpdateCheck = 1400;
				LastUpgradeCheck = 1400;
				TargetAttributes = {
					E02E250C2933A0A500973AB3 = {
						CreatedOnToolsVersion = 14.0.1;
					};
					E02E25222933A0A700973AB3 = {
						CreatedOnToolsVersion = 14.0.1;
						TestTargetID = E02E250C2933A0A500973AB3;
					};
					E02E252C2933A0A700973AB3 = {
						CreatedOnToolsVersion = 14.0.1;
						TestTargetID = E02E250C2933A0A500973AB3;
					};
				};
			};
			buildConfigurationList = E02E25082933A0A500973AB3 /* Build configuration list for PBXProject "LoginApp" */;
			compatibilityVersion = "Xcode 14.0";
			developmentRegion = en;
			hasScannedForEncodings = 0;
			knownRegions = (
				en,
				Base,
			);
			mainGroup = E02E25042933A0A500973AB3;
			productRefGroup = E02E250E2933A0A500973AB3 /* Products */;
			projectDirPath = "";
			projectRoot = "";
			targets = (
				E02E250C2933A0A500973AB3 /* LoginApp */,
				E02E25222933A0A700973AB3 /* LoginAppTests */,
				E02E252C2933A0A700973AB3 /* LoginAppUITests */,
			);
		};
/* End PBXProject section */

/* Begin PBXResourcesBuildPhase section */
		E02E250B2933A0A500973AB3 /* Resources */ = {
			isa = PBXResourcesBuildPhase;
			buildActionMask = 2147483647;
			files = (
				E02E251D2933A0A600973AB3 /* LaunchScreen.storyboard in Resources */,
				E02E251A2933A0A600973AB3 /* Assets.xcassets in Resources */,
				E02E25182933A0A500973AB3 /* Main.storyboard in Resources */,
			);
			runOnlyForDeploymentPostprocessing = 0;
		};
		E02E25212933A0A700973AB3 /* Resources */ = {
			isa = PBXResourcesBuildPhase;
			buildActionMask = 2147483647;
			files = (
			);
			runOnlyForDeploymentPostprocessing = 0;
		};
		E02E252B2933A0A700973AB3 /* Resources */ = {
			isa = PBXResourcesBuildPhase;
			buildActionMask = 2147483647;
			files = (
			);
			runOnlyForDeploymentPostprocessing = 0;
		};
/* End PBXResourcesBuildPhase section */

/* Begin PBXSourcesBuildPhase section */
		E02E25092933A0A500973AB3 /* Sources */ = {
			isa = PBXSourcesBuildPhase;
			buildActionMask = 2147483647;
			files = (
				E02E25152933A0A500973AB3 /* LoginViewController.swift in Sources */,
				E0A27C9B2933A3AD00E2B7A7 /* HomeViewController.swift in Sources */,
				E02E25112933A0A500973AB3 /* AppDelegate.swift in Sources */,
				E0A27CA32933A80800E2B7A7 /* Networking.swift in Sources */,
				E0A27CA72933AB0D00E2B7A7 /* LoginViewModel.swift in Sources */,
				E0A27CA02933A7DA00E2B7A7 /* UserModel.swift in Sources */,
				E02E25132933A0A500973AB3 /* SceneDelegate.swift in Sources */,
				E0A27CA52933A81000E2B7A7 /* Domain.swift in Sources */,
			);
			runOnlyForDeploymentPostprocessing = 0;
		};
		E02E251F2933A0A700973AB3 /* Sources */ = {
			isa = PBXSourcesBuildPhase;
			buildActionMask = 2147483647;
			files = (
				E02E25282933A0A700973AB3 /* LoginAppTests.swift in Sources */,
			);
			runOnlyForDeploymentPostprocessing = 0;
		};
		E02E25292933A0A700973AB3 /* Sources */ = {
			isa = PBXSourcesBuildPhase;
			buildActionMask = 2147483647;
			files = (
				E02E25342933A0A700973AB3 /* LoginAppUITestsLaunchTests.swift in Sources */,
				E02E25322933A0A700973AB3 /* LoginAppUITests.swift in Sources */,
			);
			runOnlyForDeploymentPostprocessing = 0;
		};
/* End PBXSourcesBuildPhase section */

/* Begin PBXTargetDependency section */
		E02E25252933A0A700973AB3 /* PBXTargetDependency */ = {
			isa = PBXTargetDependency;
			target = E02E250C2933A0A500973AB3 /* LoginApp */;
			targetProxy = E02E25242933A0A700973AB3 /* PBXContainerItemProxy */;
		};
		E02E252F2933A0A700973AB3 /* PBXTargetDependency */ = {
			isa = PBXTargetDependency;
			target = E02E250C2933A0A500973AB3 /* LoginApp */;
			targetProxy = E02E252E2933A0A700973AB3 /* PBXContainerItemProxy */;
		};
/* End PBXTargetDependency section */

/* Begin PBXVariantGroup section */
		E02E25162933A0A500973AB3 /* Main.storyboard */ = {
			isa = PBXVariantGroup;
			children = (
				E02E25172933A0A500973AB3 /* Base */,
			);
			name = Main.storyboard;
			sourceTree = "<group>";
		};
		E02E251B2933A0A600973AB3 /* LaunchScreen.storyboard */ = {
			isa = PBXVariantGroup;
			children = (
				E02E251C2933A0A600973AB3 /* Base */,
			);
			name = LaunchScreen.storyboard;
			sourceTree = "<group>";
		};
/* End PBXVariantGroup section */

/* Begin XCBuildConfiguration section */
		E02E25352933A0A700973AB3 /* Debug */ = {
			isa = XCBuildConfiguration;
			buildSettings = {
				ALWAYS_SEARCH_USER_PATHS = NO;
				CLANG_ANALYZER_NONNULL = YES;
				CLANG_ANALYZER_NUMBER_OBJECT_CONVERSION = YES_AGGRESSIVE;
				CLANG_CXX_LANGUAGE_STANDARD = "gnu++20";
				CLANG_ENABLE_MODULES = YES;
				CLANG_ENABLE_OBJC_ARC = YES;
				CLANG_ENABLE_OBJC_WEAK = YES;
				CLANG_WARN_BLOCK_CAPTURE_AUTORELEASING = YES;
				CLANG_WARN_BOOL_CONVERSION = YES;
				CLANG_WARN_COMMA = YES;
				CLANG_WARN_CONSTANT_CONVERSION = YES;
				CLANG_WARN_DEPRECATED_OBJC_IMPLEMENTATIONS = YES;
				CLANG_WARN_DIRECT_OBJC_ISA_USAGE = YES_ERROR;
				CLANG_WARN_DOCUMENTATION_COMMENTS = YES;
				CLANG_WARN_EMPTY_BODY = YES;
				CLANG_WARN_ENUM_CONVERSION = YES;
				CLANG_WARN_INFINITE_RECURSION = YES;
				CLANG_WARN_INT_CONVERSION = YES;
				CLANG_WARN_NON_LITERAL_NULL_CONVERSION = YES;
				CLANG_WARN_OBJC_IMPLICIT_RETAIN_SELF = YES;
				CLANG_WARN_OBJC_LITERAL_CONVERSION = YES;
				CLANG_WARN_OBJC_ROOT_CLASS = YES_ERROR;
				CLANG_WARN_QUOTED_INCLUDE_IN_FRAMEWORK_HEADER = YES;
				CLANG_WARN_RANGE_LOOP_ANALYSIS = YES;
				CLANG_WARN_STRICT_PROTOTYPES = YES;
				CLANG_WARN_SUSPICIOUS_MOVE = YES;
				CLANG_WARN_UNGUARDED_AVAILABILITY = YES_AGGRESSIVE;
				CLANG_WARN_UNREACHABLE_CODE = YES;
				CLANG_WARN__DUPLICATE_METHOD_MATCH = YES;
				COPY_PHASE_STRIP = NO;
				DEBUG_INFORMATION_FORMAT = dwarf;
				ENABLE_STRICT_OBJC_MSGSEND = YES;
				ENABLE_TESTABILITY = YES;
				GCC_C_LANGUAGE_STANDARD = gnu11;
				GCC_DYNAMIC_NO_PIC = NO;
				GCC_NO_COMMON_BLOCKS = YES;
				GCC_OPTIMIZATION_LEVEL = 0;
				GCC_PREPROCESSOR_DEFINITIONS = (
					"DEBUG=1",
					"$(inherited)",
				);
				GCC_WARN_64_TO_32_BIT_CONVERSION = YES;
				GCC_WARN_ABOUT_RETURN_TYPE = YES_ERROR;
				GCC_WARN_UNDECLARED_SELECTOR = YES;
				GCC_WARN_UNINITIALIZED_AUTOS = YES_AGGRESSIVE;
				GCC_WARN_UNUSED_FUNCTION = YES;
				GCC_WARN_UNUSED_VARIABLE = YES;
				IPHONEOS_DEPLOYMENT_TARGET = 16.0;
				MTL_ENABLE_DEBUG_INFO = INCLUDE_SOURCE;
				MTL_FAST_MATH = YES;
				ONLY_ACTIVE_ARCH = YES;
				SDKROOT = iphoneos;
				SWIFT_ACTIVE_COMPILATION_CONDITIONS = DEBUG;
				SWIFT_OPTIMIZATION_LEVEL = "-Onone";
			};
			name = Debug;
		};
		E02E25362933A0A700973AB3 /* Release */ = {
			isa = XCBuildConfiguration;
			buildSettings = {
				ALWAYS_SEARCH_USER_PATHS = NO;
				CLANG_ANALYZER_NONNULL = YES;
				CLANG_ANALYZER_NUMBER_OBJECT_CONVERSION = YES_AGGRESSIVE;
				CLANG_CXX_LANGUAGE_STANDARD = "gnu++20";
				CLANG_ENABLE_MODULES = YES;
				CLANG_ENABLE_OBJC_ARC = YES;
				CLANG_ENABLE_OBJC_WEAK = YES;
				CLANG_WARN_BLOCK_CAPTURE_AUTORELEASING = YES;
				CLANG_WARN_BOOL_CONVERSION = YES;
				CLANG_WARN_COMMA = YES;
				CLANG_WARN_CONSTANT_CONVERSION = YES;
				CLANG_WARN_DEPRECATED_OBJC_IMPLEMENTATIONS = YES;
				CLANG_WARN_DIRECT_OBJC_ISA_USAGE = YES_ERROR;
				CLANG_WARN_DOCUMENTATION_COMMENTS = YES;
				CLANG_WARN_EMPTY_BODY = YES;
				CLANG_WARN_ENUM_CONVERSION = YES;
				CLANG_WARN_INFINITE_RECURSION = YES;
				CLANG_WARN_INT_CONVERSION = YES;
				CLANG_WARN_NON_LITERAL_NULL_CONVERSION = YES;
				CLANG_WARN_OBJC_IMPLICIT_RETAIN_SELF = YES;
				CLANG_WARN_OBJC_LITERAL_CONVERSION = YES;
				CLANG_WARN_OBJC_ROOT_CLASS = YES_ERROR;
				CLANG_WARN_QUOTED_INCLUDE_IN_FRAMEWORK_HEADER = YES;
				CLANG_WARN_RANGE_LOOP_ANALYSIS = YES;
				CLANG_WARN_STRICT_PROTOTYPES = YES;
				CLANG_WARN_SUSPICIOUS_MOVE = YES;
				CLANG_WARN_UNGUARDED_AVAILABILITY = YES_AGGRESSIVE;
				CLANG_WARN_UNREACHABLE_CODE = YES;
				CLANG_WARN__DUPLICATE_METHOD_MATCH = YES;
				COPY_PHASE_STRIP = NO;
				DEBUG_INFORMATION_FORMAT = "dwarf-with-dsym";
				ENABLE_NS_ASSERTIONS = NO;
				ENABLE_STRICT_OBJC_MSGSEND = YES;
				GCC_C_LANGUAGE_STANDARD = gnu11;
				GCC_NO_COMMON_BLOCKS = YES;
				GCC_WARN_64_TO_32_BIT_CONVERSION = YES;
				GCC_WARN_ABOUT_RETURN_TYPE = YES_ERROR;
				GCC_WARN_UNDECLARED_SELECTOR = YES;
				GCC_WARN_UNINITIALIZED_AUTOS = YES_AGGRESSIVE;
				GCC_WARN_UNUSED_FUNCTION = YES;
				GCC_WARN_UNUSED_VARIABLE = YES;
				IPHONEOS_DEPLOYMENT_TARGET = 16.0;
				MTL_ENABLE_DEBUG_INFO = NO;
				MTL_FAST_MATH = YES;
				SDKROOT = iphoneos;
				SWIFT_COMPILATION_MODE = wholemodule;
				SWIFT_OPTIMIZATION_LEVEL = "-O";
				VALIDATE_PRODUCT = YES;
			};
			name = Release;
		};
		E02E25382933A0A700973AB3 /* Debug */ = {
			isa = XCBuildConfiguration;
			buildSettings = {
				ASSETCATALOG_COMPILER_APPICON_NAME = AppIcon;
				ASSETCATALOG_COMPILER_GLOBAL_ACCENT_COLOR_NAME = AccentColor;
				CODE_SIGN_STYLE = Automatic;
				CURRENT_PROJECT_VERSION = 1;
				DEVELOPMENT_TEAM = 497N7524MA;
				GENERATE_INFOPLIST_FILE = YES;
				INFOPLIST_FILE = LoginApp/Info.plist;
				INFOPLIST_KEY_UIApplicationSupportsIndirectInputEvents = YES;
				INFOPLIST_KEY_UILaunchStoryboardName = LaunchScreen;
				INFOPLIST_KEY_UIMainStoryboardFile = Main;
				INFOPLIST_KEY_UISupportedInterfaceOrientations_iPad = "UIInterfaceOrientationPortrait UIInterfaceOrientationPortraitUpsideDown UIInterfaceOrientationLandscapeLeft UIInterfaceOrientationLandscapeRight";
				INFOPLIST_KEY_UISupportedInterfaceOrientations_iPhone = "UIInterfaceOrientationPortrait UIInterfaceOrientationLandscapeLeft UIInterfaceOrientationLandscapeRight";
				LD_RUNPATH_SEARCH_PATHS = (
					"$(inherited)",
					"@executable_path/Frameworks",
				);
				MARKETING_VERSION = 1.0;
				PRODUCT_BUNDLE_IDENTIFIER = com.williamsantoso.LoginApp;
				PRODUCT_NAME = "$(TARGET_NAME)";
				SWIFT_EMIT_LOC_STRINGS = YES;
				SWIFT_VERSION = 5.0;
				TARGETED_DEVICE_FAMILY = "1,2";
			};
			name = Debug;
		};
		E02E25392933A0A700973AB3 /* Release */ = {
			isa = XCBuildConfiguration;
			buildSettings = {
				ASSETCATALOG_COMPILER_APPICON_NAME = AppIcon;
				ASSETCATALOG_COMPILER_GLOBAL_ACCENT_COLOR_NAME = AccentColor;
				CODE_SIGN_STYLE = Automatic;
				CURRENT_PROJECT_VERSION = 1;
				DEVELOPMENT_TEAM = 497N7524MA;
				GENERATE_INFOPLIST_FILE = YES;
				INFOPLIST_FILE = LoginApp/Info.plist;
				INFOPLIST_KEY_UIApplicationSupportsIndirectInputEvents = YES;
				INFOPLIST_KEY_UILaunchStoryboardName = LaunchScreen;
				INFOPLIST_KEY_UIMainStoryboardFile = Main;
				INFOPLIST_KEY_UISupportedInterfaceOrientations_iPad = "UIInterfaceOrientationPortrait UIInterfaceOrientationPortraitUpsideDown UIInterfaceOrientationLandscapeLeft UIInterfaceOrientationLandscapeRight";
				INFOPLIST_KEY_UISupportedInterfaceOrientations_iPhone = "UIInterfaceOrientationPortrait UIInterfaceOrientationLandscapeLeft UIInterfaceOrientationLandscapeRight";
				LD_RUNPATH_SEARCH_PATHS = (
					"$(inherited)",
					"@executable_path/Frameworks",
				);
				MARKETING_VERSION = 1.0;
				PRODUCT_BUNDLE_IDENTIFIER = com.williamsantoso.LoginApp;
				PRODUCT_NAME = "$(TARGET_NAME)";
				SWIFT_EMIT_LOC_STRINGS = YES;
				SWIFT_VERSION = 5.0;
				TARGETED_DEVICE_FAMILY = "1,2";
			};
			name = Release;
		};
		E02E253B2933A0A700973AB3 /* Debug */ = {
			isa = XCBuildConfiguration;
			buildSettings = {
				ALWAYS_EMBED_SWIFT_STANDARD_LIBRARIES = YES;
				BUNDLE_LOADER = "$(TEST_HOST)";
				CODE_SIGN_STYLE = Automatic;
				CURRENT_PROJECT_VERSION = 1;
				DEVELOPMENT_TEAM = 497N7524MA;
				GENERATE_INFOPLIST_FILE = YES;
				IPHONEOS_DEPLOYMENT_TARGET = 16.0;
				MARKETING_VERSION = 1.0;
				PRODUCT_BUNDLE_IDENTIFIER = com.williamsantoso.LoginAppTests;
				PRODUCT_NAME = "$(TARGET_NAME)";
				SWIFT_EMIT_LOC_STRINGS = NO;
				SWIFT_VERSION = 5.0;
				TARGETED_DEVICE_FAMILY = "1,2";
				TEST_HOST = "$(BUILT_PRODUCTS_DIR)/LoginApp.app/$(BUNDLE_EXECUTABLE_FOLDER_PATH)/LoginApp";
			};
			name = Debug;
		};
		E02E253C2933A0A700973AB3 /* Release */ = {
			isa = XCBuildConfiguration;
			buildSettings = {
				ALWAYS_EMBED_SWIFT_STANDARD_LIBRARIES = YES;
				BUNDLE_LOADER = "$(TEST_HOST)";
				CODE_SIGN_STYLE = Automatic;
				CURRENT_PROJECT_VERSION = 1;
				DEVELOPMENT_TEAM = 497N7524MA;
				GENERATE_INFOPLIST_FILE = YES;
				IPHONEOS_DEPLOYMENT_TARGET = 16.0;
				MARKETING_VERSION = 1.0;
				PRODUCT_BUNDLE_IDENTIFIER = com.williamsantoso.LoginAppTests;
				PRODUCT_NAME = "$(TARGET_NAME)";
				SWIFT_EMIT_LOC_STRINGS = NO;
				SWIFT_VERSION = 5.0;
				TARGETED_DEVICE_FAMILY = "1,2";
				TEST_HOST = "$(BUILT_PRODUCTS_DIR)/LoginApp.app/$(BUNDLE_EXECUTABLE_FOLDER_PATH)/LoginApp";
			};
			name = Release;
		};
		E02E253E2933A0A700973AB3 /* Debug */ = {
			isa = XCBuildConfiguration;
			buildSettings = {
				ALWAYS_EMBED_SWIFT_STANDARD_LIBRARIES = YES;
				CODE_SIGN_STYLE = Automatic;
				CURRENT_PROJECT_VERSION = 1;
				DEVELOPMENT_TEAM = 497N7524MA;
				GENERATE_INFOPLIST_FILE = YES;
				MARKETING_VERSION = 1.0;
				PRODUCT_BUNDLE_IDENTIFIER = com.williamsantoso.LoginAppUITests;
				PRODUCT_NAME = "$(TARGET_NAME)";
				SWIFT_EMIT_LOC_STRINGS = NO;
				SWIFT_VERSION = 5.0;
				TARGETED_DEVICE_FAMILY = "1,2";
				TEST_TARGET_NAME = LoginApp;
			};
			name = Debug;
		};
		E02E253F2933A0A700973AB3 /* Release */ = {
			isa = XCBuildConfiguration;
			buildSettings = {
				ALWAYS_EMBED_SWIFT_STANDARD_LIBRARIES = YES;
				CODE_SIGN_STYLE = Automatic;
				CURRENT_PROJECT_VERSION = 1;
				DEVELOPMENT_TEAM = 497N7524MA;
				GENERATE_INFOPLIST_FILE = YES;
				MARKETING_VERSION = 1.0;
				PRODUCT_BUNDLE_IDENTIFIER = com.williamsantoso.LoginAppUITests;
				PRODUCT_NAME = "$(TARGET_NAME)";
				SWIFT_EMIT_LOC_STRINGS = NO;
				SWIFT_VERSION = 5.0;
				TARGETED_DEVICE_FAMILY = "1,2";
				TEST_TARGET_NAME = LoginApp;
			};
			name = Release;
		};
/* End XCBuildConfiguration section */

/* Begin XCConfigurationList section */
		E02E25082933A0A500973AB3 /* Build configuration list for PBXProject "LoginApp" */ = {
			isa = XCConfigurationList;
			buildConfigurations = (
				E02E25352933A0A700973AB3 /* Debug */,
				E02E25362933A0A700973AB3 /* Release */,
			);
			defaultConfigurationIsVisible = 0;
			defaultConfigurationName = Release;
		};
		E02E25372933A0A700973AB3 /* Build configuration list for PBXNativeTarget "LoginApp" */ = {
			isa = XCConfigurationList;
			buildConfigurations = (
				E02E25382933A0A700973AB3 /* Debug */,
				E02E25392933A0A700973AB3 /* Release */,
			);
			defaultConfigurationIsVisible = 0;
			defaultConfigurationName = Release;
		};
		E02E253A2933A0A700973AB3 /* Build configuration list for PBXNativeTarget "LoginAppTests" */ = {
			isa = XCConfigurationList;
			buildConfigurations = (
				E02E253B2933A0A700973AB3 /* Debug */,
				E02E253C2933A0A700973AB3 /* Release */,
			);
			defaultConfigurationIsVisible = 0;
			defaultConfigurationName = Release;
		};
		E02E253D2933A0A700973AB3 /* Build configuration list for PBXNativeTarget "LoginAppUITests" */ = {
			isa = XCConfigurationList;
			buildConfigurations = (
				E02E253E2933A0A700973AB3 /* Debug */,
				E02E253F2933A0A700973AB3 /* Release */,
			);
			defaultConfigurationIsVisible = 0;
			defaultConfigurationName = Release;
		};
/* End XCConfigurationList section */
	};
	rootObject = E02E25052933A0A500973AB3 /* Project object */;
}
